
Microsoft Visual Studio Solution File, Format Version 12.00
# Visual Studio Version 17
VisualStudioVersion = 17.0.32014.148
MinimumVisualStudioVersion = 10.0.40219.1
Project("{FAE04EC0-301F-11D3-BF4B-00C04F79EFBC}") = "HangmanConsoleApp", "HangmanConsoleApp.csproj", "{17F43534-8922-4303-BE39-89B44760759F}"
EndProject
Global
	GlobalSection(SolutionConfigurationPlatforms) = preSolution
		Debug|Any CPU = Debug|Any CPU
		Release|Any CPU = Release|Any CPU
	EndGlobalSection
	GlobalSection(ProjectConfigurationPlatforms) = postSolution
		{17F43534-8922-4303-BE39-89B44760759F}.Debug|Any CPU.ActiveCfg = Debug|Any CPU
		{17F43534-8922-4303-BE39-89B44760759F}.Debug|Any CPU.Build.0 = Debug|Any CPU
		{17F43534-8922-4303-BE39-89B44760759F}.Release|Any CPU.ActiveCfg = Release|Any CPU
		{17F43534-8922-4303-BE39-89B44760759F}.Release|Any CPU.Build.0 = Release|Any CPU
	EndGlobalSection
	GlobalSection(SolutionProperties) = preSolution
		HideSolutionNode = FALSE
	EndGlobalSection
	GlobalSection(ExtensibilityGlobals) = postSolution
		SolutionGuid = {EB99041D-2727-456C-8693-2F24542A73B0}
	EndGlobalSection
EndGlobal
